
Microsoft Visual Studio Solution File, Format Version 12.00
# Visual Studio Version 17
VisualStudioVersion = 17.13.35931.197 d17.13
MinimumVisualStudioVersion = 10.0.40219.1
Project("{FAE04EC0-301F-11D3-BF4B-00C04F79EFBC}") = "interface", "interface\interface.csproj", "{E135873A-1A6C-4103-8305-60C1C60B738B}"
EndProject
Project("{FAE04EC0-301F-11D3-BF4B-00C04F79EFBC}") = "interface2", "interface2\interface2.csproj", "{BA999750-069F-4DA7-A98C-3B82124F4D01}"
EndProject
Global
	GlobalSection(SolutionConfigurationPlatforms) = preSolution
		Debug|Any CPU = Debug|Any CPU
		Release|Any CPU = Release|Any CPU
	EndGlobalSection
	GlobalSection(ProjectConfigurationPlatforms) = postSolution
		{E135873A-1A6C-4103-8305-60C1C60B738B}.Debug|Any CPU.ActiveCfg = Debug|Any CPU
		{E135873A-1A6C-4103-8305-60C1C60B738B}.Debug|Any CPU.Build.0 = Debug|Any CPU
		{E135873A-1A6C-4103-8305-60C1C60B738B}.Release|Any CPU.ActiveCfg = Release|Any CPU
		{E135873A-1A6C-4103-8305-60C1C60B738B}.Release|Any CPU.Build.0 = Release|Any CPU
		{BA999750-069F-4DA7-A98C-3B82124F4D01}.Debug|Any CPU.ActiveCfg = Debug|Any CPU
		{BA999750-069F-4DA7-A98C-3B82124F4D01}.Debug|Any CPU.Build.0 = Debug|Any CPU
		{BA999750-069F-4DA7-A98C-3B82124F4D01}.Release|Any CPU.ActiveCfg = Release|Any CPU
		{BA999750-069F-4DA7-A98C-3B82124F4D01}.Release|Any CPU.Build.0 = Release|Any CPU
	EndGlobalSection
	GlobalSection(SolutionProperties) = preSolution
		HideSolutionNode = FALSE
	EndGlobalSection
	GlobalSection(ExtensibilityGlobals) = postSolution
		SolutionGuid = {C05E20EC-B5EC-4CFC-B71F-5C80E670114D}
	EndGlobalSection
EndGlobal
